// !$*UTF8*$!
{
	archiveVersion = 1;
	classes = {
	};
	objectVersion = 50;
	objects = {

/* Begin PBXBuildFile section */
		DA15E895224E34BA00EF1E34 /* Animators.framework in Frameworks */ = {isa = PBXBuildFile; fileRef = DA15E894224E34BA00EF1E34 /* Animators.framework */; };
		DA15E897224E34BA00EF1E34 /* FLXFlow.framework in Frameworks */ = {isa = PBXBuildFile; fileRef = DA15E896224E34BA00EF1E34 /* FLXFlow.framework */; };
		DA15E899224E34BA00EF1E34 /* HomeFirstFeature.framework in Frameworks */ = {isa = PBXBuildFile; fileRef = DA15E898224E34BA00EF1E34 /* HomeFirstFeature.framework */; };
		DA15E89B224E34BA00EF1E34 /* HomeSecondFeature.framework in Frameworks */ = {isa = PBXBuildFile; fileRef = DA15E89A224E34BA00EF1E34 /* HomeSecondFeature.framework */; };
		DA15E89D224E34BA00EF1E34 /* ModalFeature.framework in Frameworks */ = {isa = PBXBuildFile; fileRef = DA15E89C224E34BA00EF1E34 /* ModalFeature.framework */; };
		DA15E89F224E34BA00EF1E34 /* OnboardingFirstFeature.framework in Frameworks */ = {isa = PBXBuildFile; fileRef = DA15E89E224E34BA00EF1E34 /* OnboardingFirstFeature.framework */; };
		DA15E8A1224E34BA00EF1E34 /* OnboardingSecondFeature.framework in Frameworks */ = {isa = PBXBuildFile; fileRef = DA15E8A0224E34BA00EF1E34 /* OnboardingSecondFeature.framework */; };
		DA15E8A3224E34BA00EF1E34 /* SharedEntities.framework in Frameworks */ = {isa = PBXBuildFile; fileRef = DA15E8A2224E34BA00EF1E34 /* SharedEntities.framework */; };
		DA15E8A5224E34BA00EF1E34 /* UserPreferencesService.framework in Frameworks */ = {isa = PBXBuildFile; fileRef = DA15E8A4224E34BA00EF1E34 /* UserPreferencesService.framework */; };
		DA2AE4CB2248FDE8004FD237 /* PresentModalFeatureTapFlowInteractor.swift in Sources */ = {isa = PBXBuildFile; fileRef = DA2AE4C62248FDE8004FD237 /* PresentModalFeatureTapFlowInteractor.swift */; };
		DA2AE4CD2248FDE8004FD237 /* HomeNavigationController.swift in Sources */ = {isa = PBXBuildFile; fileRef = DA2AE4C82248FDE8004FD237 /* HomeNavigationController.swift */; };
		DA2AE4CE2248FDE8004FD237 /* HomeFlowController.swift in Sources */ = {isa = PBXBuildFile; fileRef = DA2AE4C92248FDE8004FD237 /* HomeFlowController.swift */; };
		DA2AE4CF2248FDE8004FD237 /* FlowAction.swift in Sources */ = {isa = PBXBuildFile; fileRef = DA2AE4CA2248FDE8004FD237 /* FlowAction.swift */; };
		DAB476512248DE7C00CC98F9 /* HomeFlow.h in Headers */ = {isa = PBXBuildFile; fileRef = DAB4764F2248DE7C00CC98F9 /* HomeFlow.h */; settings = {ATTRIBUTES = (Public, ); }; };
/* End PBXBuildFile section */

/* Begin PBXFileReference section */
		DA15E894224E34BA00EF1E34 /* Animators.framework */ = {isa = PBXFileReference; explicitFileType = wrapper.framework; path = Animators.framework; sourceTree = BUILT_PRODUCTS_DIR; };
		DA15E896224E34BA00EF1E34 /* FLXFlow.framework */ = {isa = PBXFileReference; explicitFileType = wrapper.framework; path = FLXFlow.framework; sourceTree = BUILT_PRODUCTS_DIR; };
		DA15E898224E34BA00EF1E34 /* HomeFirstFeature.framework */ = {isa = PBXFileReference; explicitFileType = wrapper.framework; path = HomeFirstFeature.framework; sourceTree = BUILT_PRODUCTS_DIR; };
		DA15E89A224E34BA00EF1E34 /* HomeSecondFeature.framework */ = {isa = PBXFileReference; explicitFileType = wrapper.framework; path = HomeSecondFeature.framework; sourceTree = BUILT_PRODUCTS_DIR; };
		DA15E89C224E34BA00EF1E34 /* ModalFeature.framework */ = {isa = PBXFileReference; explicitFileType = wrapper.framework; path = ModalFeature.framework; sourceTree = BUILT_PRODUCTS_DIR; };
		DA15E89E224E34BA00EF1E34 /* OnboardingFirstFeature.framework */ = {isa = PBXFileReference; explicitFileType = wrapper.framework; path = OnboardingFirstFeature.framework; sourceTree = BUILT_PRODUCTS_DIR; };
		DA15E8A0224E34BA00EF1E34 /* OnboardingSecondFeature.framework */ = {isa = PBXFileReference; explicitFileType = wrapper.framework; path = OnboardingSecondFeature.framework; sourceTree = BUILT_PRODUCTS_DIR; };
		DA15E8A2224E34BA00EF1E34 /* SharedEntities.framework */ = {isa = PBXFileReference; explicitFileType = wrapper.framework; path = SharedEntities.framework; sourceTree = BUILT_PRODUCTS_DIR; };
		DA15E8A4224E34BA00EF1E34 /* UserPreferencesService.framework */ = {isa = PBXFileReference; explicitFileType = wrapper.framework; path = UserPreferencesService.framework; sourceTree = BUILT_PRODUCTS_DIR; };
		DA2AE4C62248FDE8004FD237 /* PresentModalFeatureTapFlowInteractor.swift */ = {isa = PBXFileReference; fileEncoding = 4; lastKnownFileType = sourcecode.swift; path = PresentModalFeatureTapFlowInteractor.swift; sourceTree = "<group>"; };
		DA2AE4C82248FDE8004FD237 /* HomeNavigationController.swift */ = {isa = PBXFileReference; fileEncoding = 4; lastKnownFileType = sourcecode.swift; path = HomeNavigationController.swift; sourceTree = "<group>"; };
		DA2AE4C92248FDE8004FD237 /* HomeFlowController.swift */ = {isa = PBXFileReference; fileEncoding = 4; lastKnownFileType = sourcecode.swift; path = HomeFlowController.swift; sourceTree = "<group>"; };
		DA2AE4CA2248FDE8004FD237 /* FlowAction.swift */ = {isa = PBXFileReference; fileEncoding = 4; lastKnownFileType = sourcecode.swift; path = FlowAction.swift; sourceTree = "<group>"; };
		DAB4764C2248DE7C00CC98F9 /* HomeFlow.framework */ = {isa = PBXFileReference; explicitFileType = wrapper.framework; includeInIndex = 0; path = HomeFlow.framework; sourceTree = BUILT_PRODUCTS_DIR; };
		DAB4764F2248DE7C00CC98F9 /* HomeFlow.h */ = {isa = PBXFileReference; lastKnownFileType = sourcecode.c.h; path = HomeFlow.h; sourceTree = "<group>"; };
		DAB476502248DE7C00CC98F9 /* Info.plist */ = {isa = PBXFileReference; lastKnownFileType = text.plist.xml; path = Info.plist; sourceTree = "<group>"; };
/* End PBXFileReference section */

/* Begin PBXFrameworksBuildPhase section */
		DAB476492248DE7C00CC98F9 /* Frameworks */ = {
			isa = PBXFrameworksBuildPhase;
			buildActionMask = 2147483647;
			files = (
				DA15E895224E34BA00EF1E34 /* Animators.framework in Frameworks */,
				DA15E897224E34BA00EF1E34 /* FLXFlow.framework in Frameworks */,
				DA15E899224E34BA00EF1E34 /* HomeFirstFeature.framework in Frameworks */,
				DA15E89B224E34BA00EF1E34 /* HomeSecondFeature.framework in Frameworks */,
				DA15E89D224E34BA00EF1E34 /* ModalFeature.framework in Frameworks */,
				DA15E89F224E34BA00EF1E34 /* OnboardingFirstFeature.framework in Frameworks */,
				DA15E8A1224E34BA00EF1E34 /* OnboardingSecondFeature.framework in Frameworks */,
				DA15E8A3224E34BA00EF1E34 /* SharedEntities.framework in Frameworks */,
				DA15E8A5224E34BA00EF1E34 /* UserPreferencesService.framework in Frameworks */,
			);
			runOnlyForDeploymentPostprocessing = 0;
		};
/* End PBXFrameworksBuildPhase section */

/* Begin PBXGroup section */
		DA2AE4C52248FDE8004FD237 /* Flow interactors */ = {
			isa = PBXGroup;
			children = (
				DA2AE4C62248FDE8004FD237 /* PresentModalFeatureTapFlowInteractor.swift */,
			);
			path = "Flow interactors";
			sourceTree = "<group>";
		};
		DAB476422248DE7C00CC98F9 = {
			isa = PBXGroup;
			children = (
				DAB4764E2248DE7C00CC98F9 /* HomeFlow */,
				DAB4764D2248DE7C00CC98F9 /* Products */,
				DAB4772E2248E48400CC98F9 /* Frameworks */,
			);
			sourceTree = "<group>";
		};
		DAB4764D2248DE7C00CC98F9 /* Products */ = {
			isa = PBXGroup;
			children = (
				DAB4764C2248DE7C00CC98F9 /* HomeFlow.framework */,
			);
			name = Products;
			sourceTree = "<group>";
		};
		DAB4764E2248DE7C00CC98F9 /* HomeFlow */ = {
			isa = PBXGroup;
			children = (
				DA2AE4CA2248FDE8004FD237 /* FlowAction.swift */,
				DA2AE4C92248FDE8004FD237 /* HomeFlowController.swift */,
				DA2AE4C82248FDE8004FD237 /* HomeNavigationController.swift */,
				DA2AE4C52248FDE8004FD237 /* Flow interactors */,
				DAB4764F2248DE7C00CC98F9 /* HomeFlow.h */,
				DAB476502248DE7C00CC98F9 /* Info.plist */,
			);
			path = HomeFlow;
			sourceTree = "<group>";
		};
		DAB4772E2248E48400CC98F9 /* Frameworks */ = {
			isa = PBXGroup;
			children = (
				DA15E894224E34BA00EF1E34 /* Animators.framework */,
				DA15E896224E34BA00EF1E34 /* FLXFlow.framework */,
				DA15E898224E34BA00EF1E34 /* HomeFirstFeature.framework */,
				DA15E89A224E34BA00EF1E34 /* HomeSecondFeature.framework */,
				DA15E89C224E34BA00EF1E34 /* ModalFeature.framework */,
				DA15E89E224E34BA00EF1E34 /* OnboardingFirstFeature.framework */,
				DA15E8A0224E34BA00EF1E34 /* OnboardingSecondFeature.framework */,
				DA15E8A2224E34BA00EF1E34 /* SharedEntities.framework */,
				DA15E8A4224E34BA00EF1E34 /* UserPreferencesService.framework */,
			);
			name = Frameworks;
			sourceTree = "<group>";
		};
/* End PBXGroup section */

/* Begin PBXHeadersBuildPhase section */
		DAB476472248DE7C00CC98F9 /* Headers */ = {
			isa = PBXHeadersBuildPhase;
			buildActionMask = 2147483647;
			files = (
				DAB476512248DE7C00CC98F9 /* HomeFlow.h in Headers */,
			);
			runOnlyForDeploymentPostprocessing = 0;
		};
/* End PBXHeadersBuildPhase section */

/* Begin PBXNativeTarget section */
		DAB4764B2248DE7C00CC98F9 /* HomeFlow */ = {
			isa = PBXNativeTarget;
			buildConfigurationList = DAB476542248DE7C00CC98F9 /* Build configuration list for PBXNativeTarget "HomeFlow" */;
			buildPhases = (
				DAB476472248DE7C00CC98F9 /* Headers */,
				DAB476482248DE7C00CC98F9 /* Sources */,
				DAB476492248DE7C00CC98F9 /* Frameworks */,
				DAB4764A2248DE7C00CC98F9 /* Resources */,
			);
			buildRules = (
			);
			dependencies = (
			);
			name = HomeFlow;
			productName = HomeFlow;
			productReference = DAB4764C2248DE7C00CC98F9 /* HomeFlow.framework */;
			productType = "com.apple.product-type.framework";
		};
/* End PBXNativeTarget section */

/* Begin PBXProject section */
		DAB476432248DE7C00CC98F9 /* Project object */ = {
			isa = PBXProject;
			attributes = {
				LastUpgradeCheck = 1010;
				ORGANIZATIONNAME = "Mark Jarecki";
				TargetAttributes = {
					DAB4764B2248DE7C00CC98F9 = {
						CreatedOnToolsVersion = 10.1;
						LastSwiftMigration = 1020;
					};
				};
			};
			buildConfigurationList = DAB476462248DE7C00CC98F9 /* Build configuration list for PBXProject "HomeFlow" */;
			compatibilityVersion = "Xcode 9.3";
			developmentRegion = en;
			hasScannedForEncodings = 0;
			knownRegions = (
				en,
				Base,
			);
			mainGroup = DAB476422248DE7C00CC98F9;
			productRefGroup = DAB4764D2248DE7C00CC98F9 /* Products */;
			projectDirPath = "";
			projectRoot = "";
			targets = (
				DAB4764B2248DE7C00CC98F9 /* HomeFlow */,
			);
		};
/* End PBXProject section */

/* Begin PBXResourcesBuildPhase section */
		DAB4764A2248DE7C00CC98F9 /* Resources */ = {
			isa = PBXResourcesBuildPhase;
			buildActionMask = 2147483647;
			files = (
			);
			runOnlyForDeploymentPostprocessing = 0;
		};
/* End PBXResourcesBuildPhase section */

/* Begin PBXSourcesBuildPhase section */
		DAB476482248DE7C00CC98F9 /* Sources */ = {
			isa = PBXSourcesBuildPhase;
			buildActionMask = 2147483647;
			files = (
				DA2AE4CE2248FDE8004FD237 /* HomeFlowController.swift in Sources */,
				DA2AE4CD2248FDE8004FD237 /* HomeNavigationController.swift in Sources */,
				DA2AE4CB2248FDE8004FD237 /* PresentModalFeatureTapFlowInteractor.swift in Sources */,
				DA2AE4CF2248FDE8004FD237 /* FlowAction.swift in Sources */,
			);
			runOnlyForDeploymentPostprocessing = 0;
		};
/* End PBXSourcesBuildPhase section */

/* Begin XCBuildConfiguration section */
		DAB476522248DE7C00CC98F9 /* Debug */ = {
			isa = XCBuildConfiguration;
			buildSettings = {
				ALWAYS_SEARCH_USER_PATHS = NO;
				CLANG_ANALYZER_NONNULL = YES;
				CLANG_ANALYZER_NUMBER_OBJECT_CONVERSION = YES_AGGRESSIVE;
				CLANG_CXX_LANGUAGE_STANDARD = "gnu++14";
				CLANG_CXX_LIBRARY = "libc++";
				CLANG_ENABLE_MODULES = YES;
				CLANG_ENABLE_OBJC_ARC = YES;
				CLANG_ENABLE_OBJC_WEAK = YES;
				CLANG_WARN_BLOCK_CAPTURE_AUTORELEASING = YES;
				CLANG_WARN_BOOL_CONVERSION = YES;
				CLANG_WARN_COMMA = YES;
				CLANG_WARN_CONSTANT_CONVERSION = YES;
				CLANG_WARN_DEPRECATED_OBJC_IMPLEMENTATIONS = YES;
				CLANG_WARN_DIRECT_OBJC_ISA_USAGE = YES_ERROR;
				CLANG_WARN_DOCUMENTATION_COMMENTS = YES;
				CLANG_WARN_EMPTY_BODY = YES;
				CLANG_WARN_ENUM_CONVERSION = YES;
				CLANG_WARN_INFINITE_RECURSION = YES;
				CLANG_WARN_INT_CONVERSION = YES;
				CLANG_WARN_NON_LITERAL_NULL_CONVERSION = YES;
				CLANG_WARN_OBJC_IMPLICIT_RETAIN_SELF = YES;
				CLANG_WARN_OBJC_LITERAL_CONVERSION = YES;
				CLANG_WARN_OBJC_ROOT_CLASS = YES_ERROR;
				CLANG_WARN_RANGE_LOOP_ANALYSIS = YES;
				CLANG_WARN_STRICT_PROTOTYPES = YES;
				CLANG_WARN_SUSPICIOUS_MOVE = YES;
				CLANG_WARN_UNGUARDED_AVAILABILITY = YES_AGGRESSIVE;
				CLANG_WARN_UNREACHABLE_CODE = YES;
				CLANG_WARN__DUPLICATE_METHOD_MATCH = YES;
				CODE_SIGN_IDENTITY = "iPhone Developer";
				COPY_PHASE_STRIP = NO;
				CURRENT_PROJECT_VERSION = 1;
				DEBUG_INFORMATION_FORMAT = dwarf;
				ENABLE_STRICT_OBJC_MSGSEND = YES;
				ENABLE_TESTABILITY = YES;
				GCC_C_LANGUAGE_STANDARD = gnu11;
				GCC_DYNAMIC_NO_PIC = NO;
				GCC_NO_COMMON_BLOCKS = YES;
				GCC_OPTIMIZATION_LEVEL = 0;
				GCC_PREPROCESSOR_DEFINITIONS = (
					"DEBUG=1",
					"$(inherited)",
				);
				GCC_WARN_64_TO_32_BIT_CONVERSION = YES;
				GCC_WARN_ABOUT_RETURN_TYPE = YES_ERROR;
				GCC_WARN_UNDECLARED_SELECTOR = YES;
				GCC_WARN_UNINITIALIZED_AUTOS = YES_AGGRESSIVE;
				GCC_WARN_UNUSED_FUNCTION = YES;
				GCC_WARN_UNUSED_VARIABLE = YES;
				IPHONEOS_DEPLOYMENT_TARGET = 13.1;
				MTL_ENABLE_DEBUG_INFO = INCLUDE_SOURCE;
				MTL_FAST_MATH = YES;
				ONLY_ACTIVE_ARCH = YES;
				SDKROOT = iphoneos;
				SWIFT_ACTIVE_COMPILATION_CONDITIONS = DEBUG;
				SWIFT_OPTIMIZATION_LEVEL = "-Onone";
				VERSIONING_SYSTEM = "apple-generic";
				VERSION_INFO_PREFIX = "";
			};
			name = Debug;
		};
		DAB476532248DE7C00CC98F9 /* Release */ = {
			isa = XCBuildConfiguration;
			buildSettings = {
				ALWAYS_SEARCH_USER_PATHS = NO;
				CLANG_ANALYZER_NONNULL = YES;
				CLANG_ANALYZER_NUMBER_OBJECT_CONVERSION = YES_AGGRESSIVE;
				CLANG_CXX_LANGUAGE_STANDARD = "gnu++14";
				CLANG_CXX_LIBRARY = "libc++";
				CLANG_ENABLE_MODULES = YES;
				CLANG_ENABLE_OBJC_ARC = YES;
				CLANG_ENABLE_OBJC_WEAK = YES;
				CLANG_WARN_BLOCK_CAPTURE_AUTORELEASING = YES;
				CLANG_WARN_BOOL_CONVERSION = YES;
				CLANG_WARN_COMMA = YES;
				CLANG_WARN_CONSTANT_CONVERSION = YES;
				CLANG_WARN_DEPRECATED_OBJC_IMPLEMENTATIONS = YES;
				CLANG_WARN_DIRECT_OBJC_ISA_USAGE = YES_ERROR;
				CLANG_WARN_DOCUMENTATION_COMMENTS = YES;
				CLANG_WARN_EMPTY_BODY = YES;
				CLANG_WARN_ENUM_CONVERSION = YES;
				CLANG_WARN_INFINITE_RECURSION = YES;
				CLANG_WARN_INT_CONVERSION = YES;
				CLANG_WARN_NON_LITERAL_NULL_CONVERSION = YES;
				CLANG_WARN_OBJC_IMPLICIT_RETAIN_SELF = YES;
				CLANG_WARN_OBJC_LITERAL_CONVERSION = YES;
				CLANG_WARN_OBJC_ROOT_CLASS = YES_ERROR;
				CLANG_WARN_RANGE_LOOP_ANALYSIS = YES;
				CLANG_WARN_STRICT_PROTOTYPES = YES;
				CLANG_WARN_SUSPICIOUS_MOVE = YES;
				CLANG_WARN_UNGUARDED_AVAILABILITY = YES_AGGRESSIVE;
				CLANG_WARN_UNREACHABLE_CODE = YES;
				CLANG_WARN__DUPLICATE_METHOD_MATCH = YES;
				CODE_SIGN_IDENTITY = "iPhone Developer";
				COPY_PHASE_STRIP = NO;
				CURRENT_PROJECT_VERSION = 1;
				DEBUG_INFORMATION_FORMAT = "dwarf-with-dsym";
				ENABLE_NS_ASSERTIONS = NO;
				ENABLE_STRICT_OBJC_MSGSEND = YES;
				GCC_C_LANGUAGE_STANDARD = gnu11;
				GCC_NO_COMMON_BLOCKS = YES;
				GCC_WARN_64_TO_32_BIT_CONVERSION = YES;
				GCC_WARN_ABOUT_RETURN_TYPE = YES_ERROR;
				GCC_WARN_UNDECLARED_SELECTOR = YES;
				GCC_WARN_UNINITIALIZED_AUTOS = YES_AGGRESSIVE;
				GCC_WARN_UNUSED_FUNCTION = YES;
				GCC_WARN_UNUSED_VARIABLE = YES;
				IPHONEOS_DEPLOYMENT_TARGET = 13.1;
				MTL_ENABLE_DEBUG_INFO = NO;
				MTL_FAST_MATH = YES;
				SDKROOT = iphoneos;
				SWIFT_COMPILATION_MODE = wholemodule;
				SWIFT_OPTIMIZATION_LEVEL = "-O";
				VALIDATE_PRODUCT = YES;
				VERSIONING_SYSTEM = "apple-generic";
				VERSION_INFO_PREFIX = "";
			};
			name = Release;
		};
		DAB476552248DE7C00CC98F9 /* Debug */ = {
			isa = XCBuildConfiguration;
			buildSettings = {
				CLANG_ENABLE_MODULES = YES;
				CODE_SIGN_IDENTITY = "";
				CODE_SIGN_STYLE = Automatic;
				DEFINES_MODULE = YES;
				DEVELOPMENT_TEAM = T2J2MP846S;
				DYLIB_COMPATIBILITY_VERSION = 1;
				DYLIB_CURRENT_VERSION = 1;
				DYLIB_INSTALL_NAME_BASE = "@rpath";
				INFOPLIST_FILE = HomeFlow/Info.plist;
				INSTALL_PATH = "$(LOCAL_LIBRARY_DIR)/Frameworks";
				LD_RUNPATH_SEARCH_PATHS = (
					"$(inherited)",
					"@executable_path/Frameworks",
					"@loader_path/Frameworks",
				);
				MACH_O_TYPE = staticlib;
				PRODUCT_BUNDLE_IDENTIFIER = Fluxom.HomeFlow;
				PRODUCT_NAME = "$(TARGET_NAME:c99extidentifier)";
				SKIP_INSTALL = YES;
				SWIFT_OPTIMIZATION_LEVEL = "-Onone";
				SWIFT_VERSION = 5.0;
				TARGETED_DEVICE_FAMILY = "1,2";
			};
			name = Debug;
		};
		DAB476562248DE7C00CC98F9 /* Release */ = {
			isa = XCBuildConfiguration;
			buildSettings = {
				CLANG_ENABLE_MODULES = YES;
				CODE_SIGN_IDENTITY = "";
				CODE_SIGN_STYLE = Automatic;
				DEFINES_MODULE = YES;
				DEVELOPMENT_TEAM = T2J2MP846S;
				DYLIB_COMPATIBILITY_VERSION = 1;
				DYLIB_CURRENT_VERSION = 1;
				DYLIB_INSTALL_NAME_BASE = "@rpath";
				INFOPLIST_FILE = HomeFlow/Info.plist;
				INSTALL_PATH = "$(LOCAL_LIBRARY_DIR)/Frameworks";
				LD_RUNPATH_SEARCH_PATHS = (
					"$(inherited)",
					"@executable_path/Frameworks",
					"@loader_path/Frameworks",
				);
				MACH_O_TYPE = staticlib;
				PRODUCT_BUNDLE_IDENTIFIER = Fluxom.HomeFlow;
				PRODUCT_NAME = "$(TARGET_NAME:c99extidentifier)";
				SKIP_INSTALL = YES;
				SWIFT_VERSION = 5.0;
				TARGETED_DEVICE_FAMILY = "1,2";
			};
			name = Release;
		};
/* End XCBuildConfiguration section */

/* Begin XCConfigurationList section */
		DAB476462248DE7C00CC98F9 /* Build configuration list for PBXProject "HomeFlow" */ = {
			isa = XCConfigurationList;
			buildConfigurations = (
				DAB476522248DE7C00CC98F9 /* Debug */,
				DAB476532248DE7C00CC98F9 /* Release */,
			);
			defaultConfigurationIsVisible = 0;
			defaultConfigurationName = Release;
		};
		DAB476542248DE7C00CC98F9 /* Build configuration list for PBXNativeTarget "HomeFlow" */ = {
			isa = XCConfigurationList;
			buildConfigurations = (
				DAB476552248DE7C00CC98F9 /* Debug */,
				DAB476562248DE7C00CC98F9 /* Release */,
			);
			defaultConfigurationIsVisible = 0;
			defaultConfigurationName = Release;
		};
/* End XCConfigurationList section */
	};
	rootObject = DAB476432248DE7C00CC98F9 /* Project object */;
}
